Microsoft Visual Studio Solution File, Format Version 12.00
# Visual Studio Version 16
VisualStudioVersion = 16.0.0.0
MinimumVisualStudioVersion = 10.0.40219.1
Project("{FAE04EC0-301F-11D3-BF4B-00C04F79EFBC}") = "AutoClicker", "AutoClicker\AutoClicker.csproj", "{7BB5C5F2-1E5C-4F9C-9D14-3D8D7DE1A2E5}"
EndProject
Global
	GlobalSection(SolutionConfigurationPlatforms) = preSolution
		Debug|Any CPU = Debug|Any CPU
		Release|Any CPU = Release|Any CPU
	EndGlobalSection
	GlobalSection(ProjectConfigurationPlatforms) = postSolution
		{7BB5C5F2-1E5C-4F9C-9D14-3D8D7DE1A2E5}.Debug|Any CPU.ActiveCfg = Debug|Any CPU
		{7BB5C5F2-1E5C-4F9C-9D14-3D8D7DE1A2E5}.Debug|Any CPU.Build.0 = Debug|Any CPU
		{7BB5C5F2-1E5C-4F9C-9D14-3D8D7DE1A2E5}.Release|Any CPU.ActiveCfg = Release|Any CPU
		{7BB5C5F2-1E5C-4F9C-9D14-3D8D7DE1A2E5}.Release|Any CPU.Build.0 = Release|Any CPU
	EndGlobalSection
	GlobalSection(SolutionProperties) = preSolution
		HideSolutionNode = FALSE
	EndGlobalSection
EndGlobal
